
Microsoft Visual Studio Solution File, Format Version 12.00
# Visual Studio Version 17
VisualStudioVersion = 17.5.002.0
MinimumVisualStudioVersion = 10.0.40219.1
Project("{9A19103F-16F7-4668-BE54-9A1E7A4F7556}") = "Clean.Site", "Clean.Site.csproj", "{206AB979-F810-4B68-A773-1354FB7F5A98}"
EndProject
Global
	GlobalSection(SolutionConfigurationPlatforms) = preSolution
		Debug|Any CPU = Debug|Any CPU
		Release|Any CPU = Release|Any CPU
	EndGlobalSection
	GlobalSection(ProjectConfigurationPlatforms) = postSolution
		{206AB979-F810-4B68-A773-1354FB7F5A98}.Debug|Any CPU.ActiveCfg = Debug|Any CPU
		{206AB979-F810-4B68-A773-1354FB7F5A98}.Debug|Any CPU.Build.0 = Debug|Any CPU
		{206AB979-F810-4B68-A773-1354FB7F5A98}.Release|Any CPU.ActiveCfg = Release|Any CPU
		{206AB979-F810-4B68-A773-1354FB7F5A98}.Release|Any CPU.Build.0 = Release|Any CPU
	EndGlobalSection
	GlobalSection(SolutionProperties) = preSolution
		HideSolutionNode = FALSE
	EndGlobalSection
	GlobalSection(ExtensibilityGlobals) = postSolution
		SolutionGuid = {2CD53A32-C2A8-4C14-AE29-07DEFD13048F}
	EndGlobalSection
EndGlobal
